
Microsoft Visual Studio Solution File, Format Version 12.00
# Visual Studio Version 16
VisualStudioVersion = 16.0.31515.178
MinimumVisualStudioVersion = 10.0.40219.1
Project("{9A19103F-16F7-4668-BE54-9A1E7A4F7556}") = "MyFirstPrismApp", "MyFirstPrismApp\MyFirstPrismApp\MyFirstPrismApp.csproj", "{570847B6-B5D3-4F25-835B-DD106FF8ECC4}"
EndProject
Project("{FAE04EC0-301F-11D3-BF4B-00C04F79EFBC}") = "MyFirstPrismApp.Android", "MyFirstPrismApp\MyFirstPrismApp.Android\MyFirstPrismApp.Android.csproj", "{22B309D8-4890-4AF0-BC1C-53091BD4E986}"
EndProject
Project("{FAE04EC0-301F-11D3-BF4B-00C04F79EFBC}") = "MyFirstPrismApp.iOS", "MyFirstPrismApp\MyFirstPrismApp.iOS\MyFirstPrismApp.iOS.csproj", "{251BB96C-B390-43BD-B243-6E1F8FC0BF21}"
EndProject
Project("{FAE04EC0-301F-11D3-BF4B-00C04F79EFBC}") = "MyFirstPrismApp.UWP", "MyFirstPrismApp\MyFirstPrismApp.UWP\MyFirstPrismApp.UWP.csproj", "{DF365C62-90A7-4073-8E7B-E5B1A93E6728}"
EndProject
Global
	GlobalSection(SolutionConfigurationPlatforms) = preSolution
		Ad-Hoc|Any CPU = Ad-Hoc|Any CPU
		Ad-Hoc|ARM = Ad-Hoc|ARM
		Ad-Hoc|iPhone = Ad-Hoc|iPhone
		Ad-Hoc|iPhoneSimulator = Ad-Hoc|iPhoneSimulator
		Ad-Hoc|x64 = Ad-Hoc|x64
		Ad-Hoc|x86 = Ad-Hoc|x86
		AppStore|Any CPU = AppStore|Any CPU
		AppStore|ARM = AppStore|ARM
		AppStore|iPhone = AppStore|iPhone
		AppStore|iPhoneSimulator = AppStore|iPhoneSimulator
		AppStore|x64 = AppStore|x64
		AppStore|x86 = AppStore|x86
		Debug|Any CPU = Debug|Any CPU
		Debug|ARM = Debug|ARM
		Debug|iPhone = Debug|iPhone
		Debug|iPhoneSimulator = Debug|iPhoneSimulator
		Debug|x64 = Debug|x64
		Debug|x86 = Debug|x86
		Release|Any CPU = Release|Any CPU
		Release|ARM = Release|ARM
		Release|iPhone = Release|iPhone
		Release|iPhoneSimulator = Release|iPhoneSimulator
		Release|x64 = Release|x64
		Release|x86 = Release|x86
	EndGlobalSection
	GlobalSection(ProjectConfigurationPlatforms) = postSolution
		{570847B6-B5D3-4F25-835B-DD106FF8ECC4}.Ad-Hoc|Any CPU.ActiveCfg = Debug|Any CPU
		{570847B6-B5D3-4F25-835B-DD106FF8ECC4}.Ad-Hoc|Any CPU.Build.0 = Debug|Any CPU
		{570847B6-B5D3-4F25-835B-DD106FF8ECC4}.Ad-Hoc|ARM.ActiveCfg = Debug|Any CPU
		{570847B6-B5D3-4F25-835B-DD106FF8ECC4}.Ad-Hoc|ARM.Build.0 = Debug|Any CPU
		{570847B6-B5D3-4F25-835B-DD106FF8ECC4}.Ad-Hoc|iPhone.ActiveCfg = Debug|Any CPU
		{570847B6-B5D3-4F25-835B-DD106FF8ECC4}.Ad-Hoc|iPhone.Build.0 = Debug|Any CPU
		{570847B6-B5D3-4F25-835B-DD106FF8ECC4}.Ad-Hoc|iPhoneSimulator.ActiveCfg = Debug|Any CPU
		{570847B6-B5D3-4F25-835B-DD106FF8ECC4}.Ad-Hoc|iPhoneSimulator.Build.0 = Debug|Any CPU
		{570847B6-B5D3-4F25-835B-DD106FF8ECC4}.Ad-Hoc|x64.ActiveCfg = Debug|Any CPU
		{570847B6-B5D3-4F25-835B-DD106FF8ECC4}.Ad-Hoc|x64.Build.0 = Debug|Any CPU
		{570847B6-B5D3-4F25-835B-DD106FF8ECC4}.Ad-Hoc|x86.ActiveCfg = Debug|Any CPU
		{570847B6-B5D3-4F25-835B-DD106FF8ECC4}.Ad-Hoc|x86.Build.0 = Debug|Any CPU
		{570847B6-B5D3-4F25-835B-DD106FF8ECC4}.AppStore|Any CPU.ActiveCfg = Debug|Any CPU
		{570847B6-B5D3-4F25-835B-DD106FF8ECC4}.AppStore|Any CPU.Build.0 = Debug|Any CPU
		{570847B6-B5D3-4F25-835B-DD106FF8ECC4}.AppStore|ARM.ActiveCfg = Debug|Any CPU
		{570847B6-B5D3-4F25-835B-DD106FF8ECC4}.AppStore|ARM.Build.0 = Debug|Any CPU
		{570847B6-B5D3-4F25-835B-DD106FF8ECC4}.AppStore|iPhone.ActiveCfg = Debug|Any CPU
		{570847B6-B5D3-4F25-835B-DD106FF8ECC4}.AppStore|iPhone.Build.0 = Debug|Any CPU
		{570847B6-B5D3-4F25-835B-DD106FF8ECC4}.AppStore|iPhoneSimulator.ActiveCfg = Debug|Any CPU
		{570847B6-B5D3-4F25-835B-DD106FF8ECC4}.AppStore|iPhoneSimulator.Build.0 = Debug|Any CPU
		{570847B6-B5D3-4F25-835B-DD106FF8ECC4}.AppStore|x64.ActiveCfg = Debug|Any CPU
		{570847B6-B5D3-4F25-835B-DD106FF8ECC4}.AppStore|x64.Build.0 = Debug|Any CPU
		{570847B6-B5D3-4F25-835B-DD106FF8ECC4}.AppStore|x86.ActiveCfg = Debug|Any CPU
		{570847B6-B5D3-4F25-835B-DD106FF8ECC4}.AppStore|x86.Build.0 = Debug|Any CPU
		{570847B6-B5D3-4F25-835B-DD106FF8ECC4}.Debug|Any CPU.ActiveCfg = Debug|Any CPU
		{570847B6-B5D3-4F25-835B-DD106FF8ECC4}.Debug|Any CPU.Build.0 = Debug|Any CPU
		{570847B6-B5D3-4F25-835B-DD106FF8ECC4}.Debug|ARM.ActiveCfg = Debug|Any CPU
		{570847B6-B5D3-4F25-835B-DD106FF8ECC4}.Debug|ARM.Build.0 = Debug|Any CPU
		{570847B6-B5D3-4F25-835B-DD106FF8ECC4}.Debug|iPhone.ActiveCfg = Debug|Any CPU
		{570847B6-B5D3-4F25-835B-DD106FF8ECC4}.Debug|iPhone.Build.0 = Debug|Any CPU
		{570847B6-B5D3-4F25-835B-DD106FF8ECC4}.Debug|iPhoneSimulator.ActiveCfg = Debug|Any CPU
		{570847B6-B5D3-4F25-835B-DD106FF8ECC4}.Debug|iPhoneSimulator.Build.0 = Debug|Any CPU
		{570847B6-B5D3-4F25-835B-DD106FF8ECC4}.Debug|x64.ActiveCfg = Debug|Any CPU
		{570847B6-B5D3-4F25-835B-DD106FF8ECC4}.Debug|x64.Build.0 = Debug|Any CPU
		{570847B6-B5D3-4F25-835B-DD106FF8ECC4}.Debug|x86.ActiveCfg = Debug|Any CPU
		{570847B6-B5D3-4F25-835B-DD106FF8ECC4}.Debug|x86.Build.0 = Debug|Any CPU
		{570847B6-B5D3-4F25-835B-DD106FF8ECC4}.Release|Any CPU.ActiveCfg = Release|Any CPU
		{570847B6-B5D3-4F25-835B-DD106FF8ECC4}.Release|Any CPU.Build.0 = Release|Any CPU
		{570847B6-B5D3-4F25-835B-DD106FF8ECC4}.Release|ARM.ActiveCfg = Release|Any CPU
		{570847B6-B5D3-4F25-835B-DD106FF8ECC4}.Release|ARM.Build.0 = Release|Any CPU
		{570847B6-B5D3-4F25-835B-DD106FF8ECC4}.Release|iPhone.ActiveCfg = Release|Any CPU
		{570847B6-B5D3-4F25-835B-DD106FF8ECC4}.Release|iPhone.Build.0 = Release|Any CPU
		{570847B6-B5D3-4F25-835B-DD106FF8ECC4}.Release|iPhoneSimulator.ActiveCfg = Release|Any CPU
		{570847B6-B5D3-4F25-835B-DD106FF8ECC4}.Release|iPhoneSimulator.Build.0 = Release|Any CPU
		{570847B6-B5D3-4F25-835B-DD106FF8ECC4}.Release|x64.ActiveCfg = Release|Any CPU
		{570847B6-B5D3-4F25-835B-DD106FF8ECC4}.Release|x64.Build.0 = Release|Any CPU
		{570847B6-B5D3-4F25-835B-DD106FF8ECC4}.Release|x86.ActiveCfg = Release|Any CPU
		{570847B6-B5D3-4F25-835B-DD106FF8ECC4}.Release|x86.Build.0 = Release|Any CPU
		{22B309D8-4890-4AF0-BC1C-53091BD4E986}.Ad-Hoc|Any CPU.ActiveCfg = Debug|Any CPU
		{22B309D8-4890-4AF0-BC1C-53091BD4E986}.Ad-Hoc|Any CPU.Build.0 = Debug|Any CPU
		{22B309D8-4890-4AF0-BC1C-53091BD4E986}.Ad-Hoc|Any CPU.Deploy.0 = Debug|Any CPU
		{22B309D8-4890-4AF0-BC1C-53091BD4E986}.Ad-Hoc|ARM.ActiveCfg = Debug|Any CPU
		{22B309D8-4890-4AF0-BC1C-53091BD4E986}.Ad-Hoc|ARM.Build.0 = Debug|Any CPU
		{22B309D8-4890-4AF0-BC1C-53091BD4E986}.Ad-Hoc|ARM.Deploy.0 = Debug|Any CPU
		{22B309D8-4890-4AF0-BC1C-53091BD4E986}.Ad-Hoc|iPhone.ActiveCfg = Debug|Any CPU
		{22B309D8-4890-4AF0-BC1C-53091BD4E986}.Ad-Hoc|iPhone.Build.0 = Debug|Any CPU
		{22B309D8-4890-4AF0-BC1C-53091BD4E986}.Ad-Hoc|iPhone.Deploy.0 = Debug|Any CPU
		{22B309D8-4890-4AF0-BC1C-53091BD4E986}.Ad-Hoc|iPhoneSimulator.ActiveCfg = Debug|Any CPU
		{22B309D8-4890-4AF0-BC1C-53091BD4E986}.Ad-Hoc|iPhoneSimulator.Build.0 = Debug|Any CPU
		{22B309D8-4890-4AF0-BC1C-53091BD4E986}.Ad-Hoc|iPhoneSimulator.Deploy.0 = Debug|Any CPU
		{22B309D8-4890-4AF0-BC1C-53091BD4E986}.Ad-Hoc|x64.ActiveCfg = Debug|Any CPU
		{22B309D8-4890-4AF0-BC1C-53091BD4E986}.Ad-Hoc|x64.Build.0 = Debug|Any CPU
		{22B309D8-4890-4AF0-BC1C-53091BD4E986}.Ad-Hoc|x64.Deploy.0 = Debug|Any CPU
		{22B309D8-4890-4AF0-BC1C-53091BD4E986}.Ad-Hoc|x86.ActiveCfg = Debug|Any CPU
		{22B309D8-4890-4AF0-BC1C-53091BD4E986}.Ad-Hoc|x86.Build.0 = Debug|Any CPU
		{22B309D8-4890-4AF0-BC1C-53091BD4E986}.Ad-Hoc|x86.Deploy.0 = Debug|Any CPU
		{22B309D8-4890-4AF0-BC1C-53091BD4E986}.AppStore|Any CPU.ActiveCfg = Debug|Any CPU
		{22B309D8-4890-4AF0-BC1C-53091BD4E986}.AppStore|Any CPU.Build.0 = Debug|Any CPU
		{22B309D8-4890-4AF0-BC1C-53091BD4E986}.AppStore|Any CPU.Deploy.0 = Debug|Any CPU
		{22B309D8-4890-4AF0-BC1C-53091BD4E986}.AppStore|ARM.ActiveCfg = Debug|Any CPU
		{22B309D8-4890-4AF0-BC1C-53091BD4E986}.AppStore|ARM.Build.0 = Debug|Any CPU
		{22B309D8-4890-4AF0-BC1C-53091BD4E986}.AppStore|ARM.Deploy.0 = Debug|Any CPU
		{22B309D8-4890-4AF0-BC1C-53091BD4E986}.AppStore|iPhone.ActiveCfg = Debug|Any CPU
		{22B309D8-4890-4AF0-BC1C-53091BD4E986}.AppStore|iPhone.Build.0 = Debug|Any CPU
		{22B309D8-4890-4AF0-BC1C-53091BD4E986}.AppStore|iPhone.Deploy.0 = Debug|Any CPU
		{22B309D8-4890-4AF0-BC1C-53091BD4E986}.AppStore|iPhoneSimulator.ActiveCfg = Debug|Any CPU
		{22B309D8-4890-4AF0-BC1C-53091BD4E986}.AppStore|iPhoneSimulator.Build.0 = Debug|Any CPU
		{22B309D8-4890-4AF0-BC1C-53091BD4E986}.AppStore|iPhoneSimulator.Deploy.0 = Debug|Any CPU
		{22B309D8-4890-4AF0-BC1C-53091BD4E986}.AppStore|x64.ActiveCfg = Debug|Any CPU
		{22B309D8-4890-4AF0-BC1C-53091BD4E986}.AppStore|x64.Build.0 = Debug|Any CPU
		{22B309D8-4890-4AF0-BC1C-53091BD4E986}.AppStore|x64.Deploy.0 = Debug|Any CPU
		{22B309D8-4890-4AF0-BC1C-53091BD4E986}.AppStore|x86.ActiveCfg = Debug|Any CPU
		{22B309D8-4890-4AF0-BC1C-53091BD4E986}.AppStore|x86.Build.0 = Debug|Any CPU
		{22B309D8-4890-4AF0-BC1C-53091BD4E986}.AppStore|x86.Deploy.0 = Debug|Any CPU
		{22B309D8-4890-4AF0-BC1C-53091BD4E986}.Debug|Any CPU.ActiveCfg = Debug|Any CPU
		{22B309D8-4890-4AF0-BC1C-53091BD4E986}.Debug|Any CPU.Build.0 = Debug|Any CPU
		{22B309D8-4890-4AF0-BC1C-53091BD4E986}.Debug|Any CPU.Deploy.0 = Debug|Any CPU
		{22B309D8-4890-4AF0-BC1C-53091BD4E986}.Debug|ARM.ActiveCfg = Debug|Any CPU
		{22B309D8-4890-4AF0-BC1C-53091BD4E986}.Debug|ARM.Build.0 = Debug|Any CPU
		{22B309D8-4890-4AF0-BC1C-53091BD4E986}.Debug|ARM.Deploy.0 = Debug|Any CPU
		{22B309D8-4890-4AF0-BC1C-53091BD4E986}.Debug|iPhone.ActiveCfg = Debug|Any CPU
		{22B309D8-4890-4AF0-BC1C-53091BD4E986}.Debug|iPhone.Build.0 = Debug|Any CPU
		{22B309D8-4890-4AF0-BC1C-53091BD4E986}.Debug|iPhone.Deploy.0 = Debug|Any CPU
		{22B309D8-4890-4AF0-BC1C-53091BD4E986}.Debug|iPhoneSimulator.ActiveCfg = Debug|Any CPU
		{22B309D8-4890-4AF0-BC1C-53091BD4E986}.Debug|iPhoneSimulator.Build.0 = Debug|Any CPU
		{22B309D8-4890-4AF0-BC1C-53091BD4E986}.Debug|iPhoneSimulator.Deploy.0 = Debug|Any CPU
		{22B309D8-4890-4AF0-BC1C-53091BD4E986}.Debug|x64.ActiveCfg = Debug|Any CPU
		{22B309D8-4890-4AF0-BC1C-53091BD4E986}.Debug|x64.Build.0 = Debug|Any CPU
		{22B309D8-4890-4AF0-BC1C-53091BD4E986}.Debug|x64.Deploy.0 = Debug|Any CPU
		{22B309D8-4890-4AF0-BC1C-53091BD4E986}.Debug|x86.ActiveCfg = Debug|Any CPU
		{22B309D8-4890-4AF0-BC1C-53091BD4E986}.Debug|x86.Build.0 = Debug|Any CPU
		{22B309D8-4890-4AF0-BC1C-53091BD4E986}.Debug|x86.Deploy.0 = Debug|Any CPU
		{22B309D8-4890-4AF0-BC1C-53091BD4E986}.Release|Any CPU.ActiveCfg = Release|Any CPU
		{22B309D8-4890-4AF0-BC1C-53091BD4E986}.Release|Any CPU.Build.0 = Release|Any CPU
		{22B309D8-4890-4AF0-BC1C-53091BD4E986}.Release|Any CPU.Deploy.0 = Release|Any CPU
		{22B309D8-4890-4AF0-BC1C-53091BD4E986}.Release|ARM.ActiveCfg = Release|Any CPU
		{22B309D8-4890-4AF0-BC1C-53091BD4E986}.Release|ARM.Build.0 = Release|Any CPU
		{22B309D8-4890-4AF0-BC1C-53091BD4E986}.Release|ARM.Deploy.0 = Release|Any CPU
		{22B309D8-4890-4AF0-BC1C-53091BD4E986}.Release|iPhone.ActiveCfg = Release|Any CPU
		{22B309D8-4890-4AF0-BC1C-53091BD4E986}.Release|iPhone.Build.0 = Release|Any CPU
		{22B309D8-4890-4AF0-BC1C-53091BD4E986}.Release|iPhone.Deploy.0 = Release|Any CPU
		{22B309D8-4890-4AF0-BC1C-53091BD4E986}.Release|iPhoneSimulator.ActiveCfg = Release|Any CPU
		{22B309D8-4890-4AF0-BC1C-53091BD4E986}.Release|iPhoneSimulator.Build.0 = Release|Any CPU
		{22B309D8-4890-4AF0-BC1C-53091BD4E986}.Release|iPhoneSimulator.Deploy.0 = Release|Any CPU
		{22B309D8-4890-4AF0-BC1C-53091BD4E986}.Release|x64.ActiveCfg = Release|Any CPU
		{22B309D8-4890-4AF0-BC1C-53091BD4E986}.Release|x64.Build.0 = Release|Any CPU
		{22B309D8-4890-4AF0-BC1C-53091BD4E986}.Release|x64.Deploy.0 = Release|Any CPU
		{22B309D8-4890-4AF0-BC1C-53091BD4E986}.Release|x86.ActiveCfg = Release|Any CPU
		{22B309D8-4890-4AF0-BC1C-53091BD4E986}.Release|x86.Build.0 = Release|Any CPU
		{22B309D8-4890-4AF0-BC1C-53091BD4E986}.Release|x86.Deploy.0 = Release|Any CPU
		{251BB96C-B390-43BD-B243-6E1F8FC0BF21}.Ad-Hoc|Any CPU.ActiveCfg = Ad-Hoc|iPhoneSimulator
		{251BB96C-B390-43BD-B243-6E1F8FC0BF21}.Ad-Hoc|ARM.ActiveCfg = Ad-Hoc|iPhoneSimulator
		{251BB96C-B390-43BD-B243-6E1F8FC0BF21}.Ad-Hoc|iPhone.ActiveCfg = Ad-Hoc|iPhone
		{251BB96C-B390-43BD-B243-6E1F8FC0BF21}.Ad-Hoc|iPhone.Build.0 = Ad-Hoc|iPhone
		{251BB96C-B390-43BD-B243-6E1F8FC0BF21}.Ad-Hoc|iPhoneSimulator.ActiveCfg = Ad-Hoc|iPhoneSimulator
		{251BB96C-B390-43BD-B243-6E1F8FC0BF21}.Ad-Hoc|iPhoneSimulator.Build.0 = Ad-Hoc|iPhoneSimulator
		{251BB96C-B390-43BD-B243-6E1F8FC0BF21}.Ad-Hoc|x64.ActiveCfg = Ad-Hoc|iPhoneSimulator
		{251BB96C-B390-43BD-B243-6E1F8FC0BF21}.Ad-Hoc|x86.ActiveCfg = Ad-Hoc|iPhoneSimulator
		{251BB96C-B390-43BD-B243-6E1F8FC0BF21}.AppStore|Any CPU.ActiveCfg = AppStore|iPhoneSimulator
		{251BB96C-B390-43BD-B243-6E1F8FC0BF21}.AppStore|ARM.ActiveCfg = AppStore|iPhoneSimulator
		{251BB96C-B390-43BD-B243-6E1F8FC0BF21}.AppStore|iPhone.ActiveCfg = AppStore|iPhone
		{251BB96C-B390-43BD-B243-6E1F8FC0BF21}.AppStore|iPhone.Build.0 = AppStore|iPhone
		{251BB96C-B390-43BD-B243-6E1F8FC0BF21}.AppStore|iPhoneSimulator.ActiveCfg = AppStore|iPhoneSimulator
		{251BB96C-B390-43BD-B243-6E1F8FC0BF21}.AppStore|iPhoneSimulator.Build.0 = AppStore|iPhoneSimulator
		{251BB96C-B390-43BD-B243-6E1F8FC0BF21}.AppStore|x64.ActiveCfg = AppStore|iPhoneSimulator
		{251BB96C-B390-43BD-B243-6E1F8FC0BF21}.AppStore|x86.ActiveCfg = AppStore|iPhoneSimulator
		{251BB96C-B390-43BD-B243-6E1F8FC0BF21}.Debug|Any CPU.ActiveCfg = Debug|iPhoneSimulator
		{251BB96C-B390-43BD-B243-6E1F8FC0BF21}.Debug|ARM.ActiveCfg = Debug|iPhoneSimulator
		{251BB96C-B390-43BD-B243-6E1F8FC0BF21}.Debug|iPhone.ActiveCfg = Debug|iPhone
		{251BB96C-B390-43BD-B243-6E1F8FC0BF21}.Debug|iPhone.Build.0 = Debug|iPhone
		{251BB96C-B390-43BD-B243-6E1F8FC0BF21}.Debug|iPhone.Deploy.0 = Debug|iPhone
		{251BB96C-B390-43BD-B243-6E1F8FC0BF21}.Debug|iPhoneSimulator.ActiveCfg = Debug|iPhoneSimulator
		{251BB96C-B390-43BD-B243-6E1F8FC0BF21}.Debug|iPhoneSimulator.Build.0 = Debug|iPhoneSimulator
		{251BB96C-B390-43BD-B243-6E1F8FC0BF21}.Debug|x64.ActiveCfg = Debug|iPhoneSimulator
		{251BB96C-B390-43BD-B243-6E1F8FC0BF21}.Debug|x86.ActiveCfg = Debug|iPhoneSimulator
		{251BB96C-B390-43BD-B243-6E1F8FC0BF21}.Release|Any CPU.ActiveCfg = Release|iPhoneSimulator
		{251BB96C-B390-43BD-B243-6E1F8FC0BF21}.Release|ARM.ActiveCfg = Release|iPhoneSimulator
		{251BB96C-B390-43BD-B243-6E1F8FC0BF21}.Release|iPhone.ActiveCfg = Release|iPhone
		{251BB96C-B390-43BD-B243-6E1F8FC0BF21}.Release|iPhone.Build.0 = Release|iPhone
		{251BB96C-B390-43BD-B243-6E1F8FC0BF21}.Release|iPhoneSimulator.ActiveCfg = Release|iPhoneSimulator
		{251BB96C-B390-43BD-B243-6E1F8FC0BF21}.Release|iPhoneSimulator.Build.0 = Release|iPhoneSimulator
		{251BB96C-B390-43BD-B243-6E1F8FC0BF21}.Release|x64.ActiveCfg = Release|iPhoneSimulator
		{251BB96C-B390-43BD-B243-6E1F8FC0BF21}.Release|x86.ActiveCfg = Release|iPhoneSimulator
		{DF365C62-90A7-4073-8E7B-E5B1A93E6728}.Ad-Hoc|Any CPU.ActiveCfg = Debug|ARM
		{DF365C62-90A7-4073-8E7B-E5B1A93E6728}.Ad-Hoc|Any CPU.Build.0 = Debug|ARM
		{DF365C62-90A7-4073-8E7B-E5B1A93E6728}.Ad-Hoc|Any CPU.Deploy.0 = Debug|ARM
		{DF365C62-90A7-4073-8E7B-E5B1A93E6728}.Ad-Hoc|ARM.ActiveCfg = Debug|ARM
		{DF365C62-90A7-4073-8E7B-E5B1A93E6728}.Ad-Hoc|ARM.Build.0 = Debug|ARM
		{DF365C62-90A7-4073-8E7B-E5B1A93E6728}.Ad-Hoc|ARM.Deploy.0 = Debug|ARM
		{DF365C62-90A7-4073-8E7B-E5B1A93E6728}.Ad-Hoc|iPhone.ActiveCfg = Debug|ARM
		{DF365C62-90A7-4073-8E7B-E5B1A93E6728}.Ad-Hoc|iPhone.Build.0 = Debug|ARM
		{DF365C62-90A7-4073-8E7B-E5B1A93E6728}.Ad-Hoc|iPhone.Deploy.0 = Debug|ARM
		{DF365C62-90A7-4073-8E7B-E5B1A93E6728}.Ad-Hoc|iPhoneSimulator.ActiveCfg = Debug|ARM
		{DF365C62-90A7-4073-8E7B-E5B1A93E6728}.Ad-Hoc|iPhoneSimulator.Build.0 = Debug|ARM
		{DF365C62-90A7-4073-8E7B-E5B1A93E6728}.Ad-Hoc|iPhoneSimulator.Deploy.0 = Debug|ARM
		{DF365C62-90A7-4073-8E7B-E5B1A93E6728}.Ad-Hoc|x64.ActiveCfg = Debug|x64
		{DF365C62-90A7-4073-8E7B-E5B1A93E6728}.Ad-Hoc|x64.Build.0 = Debug|x64
		{DF365C62-90A7-4073-8E7B-E5B1A93E6728}.Ad-Hoc|x64.Deploy.0 = Debug|x64
		{DF365C62-90A7-4073-8E7B-E5B1A93E6728}.Ad-Hoc|x86.ActiveCfg = Debug|x86
		{DF365C62-90A7-4073-8E7B-E5B1A93E6728}.Ad-Hoc|x86.Build.0 = Debug|x86
		{DF365C62-90A7-4073-8E7B-E5B1A93E6728}.Ad-Hoc|x86.Deploy.0 = Debug|x86
		{DF365C62-90A7-4073-8E7B-E5B1A93E6728}.AppStore|Any CPU.ActiveCfg = Debug|ARM
		{DF365C62-90A7-4073-8E7B-E5B1A93E6728}.AppStore|Any CPU.Build.0 = Debug|ARM
		{DF365C62-90A7-4073-8E7B-E5B1A93E6728}.AppStore|Any CPU.Deploy.0 = Debug|ARM
		{DF365C62-90A7-4073-8E7B-E5B1A93E6728}.AppStore|ARM.ActiveCfg = Debug|ARM
		{DF365C62-90A7-4073-8E7B-E5B1A93E6728}.AppStore|ARM.Build.0 = Debug|ARM
		{DF365C62-90A7-4073-8E7B-E5B1A93E6728}.AppStore|ARM.Deploy.0 = Debug|ARM
		{DF365C62-90A7-4073-8E7B-E5B1A93E6728}.AppStore|iPhone.ActiveCfg = Debug|ARM
		{DF365C62-90A7-4073-8E7B-E5B1A93E6728}.AppStore|iPhone.Build.0 = Debug|ARM
		{DF365C62-90A7-4073-8E7B-E5B1A93E6728}.AppStore|iPhone.Deploy.0 = Debug|ARM
		{DF365C62-90A7-4073-8E7B-E5B1A93E6728}.AppStore|iPhoneSimulator.ActiveCfg = Debug|ARM
		{DF365C62-90A7-4073-8E7B-E5B1A93E6728}.AppStore|iPhoneSimulator.Build.0 = Debug|ARM
		{DF365C62-90A7-4073-8E7B-E5B1A93E6728}.AppStore|iPhoneSimulator.Deploy.0 = Debug|ARM
		{DF365C62-90A7-4073-8E7B-E5B1A93E6728}.AppStore|x64.ActiveCfg = Debug|x64
		{DF365C62-90A7-4073-8E7B-E5B1A93E6728}.AppStore|x64.Build.0 = Debug|x64
		{DF365C62-90A7-4073-8E7B-E5B1A93E6728}.AppStore|x64.Deploy.0 = Debug|x64
		{DF365C62-90A7-4073-8E7B-E5B1A93E6728}.AppStore|x86.ActiveCfg = Debug|x86
		{DF365C62-90A7-4073-8E7B-E5B1A93E6728}.AppStore|x86.Build.0 = Debug|x86
		{DF365C62-90A7-4073-8E7B-E5B1A93E6728}.AppStore|x86.Deploy.0 = Debug|x86
		{DF365C62-90A7-4073-8E7B-E5B1A93E6728}.Debug|Any CPU.ActiveCfg = Debug|x86
		{DF365C62-90A7-4073-8E7B-E5B1A93E6728}.Debug|ARM.ActiveCfg = Debug|ARM
		{DF365C62-90A7-4073-8E7B-E5B1A93E6728}.Debug|ARM.Build.0 = Debug|ARM
		{DF365C62-90A7-4073-8E7B-E5B1A93E6728}.Debug|ARM.Deploy.0 = Debug|ARM
		{DF365C62-90A7-4073-8E7B-E5B1A93E6728}.Debug|iPhone.ActiveCfg = Debug|x86
		{DF365C62-90A7-4073-8E7B-E5B1A93E6728}.Debug|iPhoneSimulator.ActiveCfg = Debug|x86
		{DF365C62-90A7-4073-8E7B-E5B1A93E6728}.Debug|x64.ActiveCfg = Debug|x64
		{DF365C62-90A7-4073-8E7B-E5B1A93E6728}.Debug|x64.Build.0 = Debug|x64
		{DF365C62-90A7-4073-8E7B-E5B1A93E6728}.Debug|x64.Deploy.0 = Debug|x64
		{DF365C62-90A7-4073-8E7B-E5B1A93E6728}.Debug|x86.ActiveCfg = Debug|x86
		{DF365C62-90A7-4073-8E7B-E5B1A93E6728}.Debug|x86.Build.0 = Debug|x86
		{DF365C62-90A7-4073-8E7B-E5B1A93E6728}.Debug|x86.Deploy.0 = Debug|x86
		{DF365C62-90A7-4073-8E7B-E5B1A93E6728}.Release|Any CPU.ActiveCfg = Release|x86
		{DF365C62-90A7-4073-8E7B-E5B1A93E6728}.Release|ARM.ActiveCfg = Release|ARM
		{DF365C62-90A7-4073-8E7B-E5B1A93E6728}.Release|ARM.Build.0 = Release|ARM
		{DF365C62-90A7-4073-8E7B-E5B1A93E6728}.Release|ARM.Deploy.0 = Release|ARM
		{DF365C62-90A7-4073-8E7B-E5B1A93E6728}.Release|iPhone.ActiveCfg = Release|x86
		{DF365C62-90A7-4073-8E7B-E5B1A93E6728}.Release|iPhoneSimulator.ActiveCfg = Release|x86
		{DF365C62-90A7-4073-8E7B-E5B1A93E6728}.Release|x64.ActiveCfg = Release|x64
		{DF365C62-90A7-4073-8E7B-E5B1A93E6728}.Release|x64.Build.0 = Release|x64
		{DF365C62-90A7-4073-8E7B-E5B1A93E6728}.Release|x64.Deploy.0 = Release|x64
		{DF365C62-90A7-4073-8E7B-E5B1A93E6728}.Release|x86.ActiveCfg = Release|x86
		{DF365C62-90A7-4073-8E7B-E5B1A93E6728}.Release|x86.Build.0 = Release|x86
		{DF365C62-90A7-4073-8E7B-E5B1A93E6728}.Release|x86.Deploy.0 = Release|x86
	EndGlobalSection
	GlobalSection(SolutionProperties) = preSolution
		HideSolutionNode = FALSE
	EndGlobalSection
	GlobalSection(ExtensibilityGlobals) = postSolution
		SolutionGuid = {186200E6-888E-40C0-AEAC-2B03C9AA98B2}
	EndGlobalSection
EndGlobal
